
Microsoft Visual Studio Solution File, Format Version 12.00
# Visual Studio Version 17
VisualStudioVersion = 17.10.35013.160
MinimumVisualStudioVersion = 10.0.40219.1
Project("{FAE04EC0-301F-11D3-BF4B-00C04F79EFBC}") = "WebApplication1", "WebApplication1.csproj", "{C1ABCC90-33D0-4321-A094-ADE42D2C7F69}"
EndProject
Global
	GlobalSection(SolutionConfigurationPlatforms) = preSolution
		Debug|Any CPU = Debug|Any CPU
		Release|Any CPU = Release|Any CPU
	EndGlobalSection
	GlobalSection(ProjectConfigurationPlatforms) = postSolution
		{C1ABCC90-33D0-4321-A094-ADE42D2C7F69}.Debug|Any CPU.ActiveCfg = Debug|Any CPU
		{C1ABCC90-33D0-4321-A094-ADE42D2C7F69}.Debug|Any CPU.Build.0 = Debug|Any CPU
		{C1ABCC90-33D0-4321-A094-ADE42D2C7F69}.Release|Any CPU.ActiveCfg = Release|Any CPU
		{C1ABCC90-33D0-4321-A094-ADE42D2C7F69}.Release|Any CPU.Build.0 = Release|Any CPU
	EndGlobalSection
	GlobalSection(SolutionProperties) = preSolution
		HideSolutionNode = FALSE
	EndGlobalSection
	GlobalSection(ExtensibilityGlobals) = postSolution
		SolutionGuid = {B4B59948-C514-4025-9947-3711F133477C}
	EndGlobalSection
EndGlobal
